Microsoft Visual Studio Solution File, Format Version 12.00
# Visual Studio Version 17
VisualStudioVersion = 17.5.2.0
MinimumVisualStudioVersion = 10.0.40219.1
Project("{2150E333-8FDC-42A3-9474-1A3956D46DE8}") = "michaelkim.hello.backend", "michaelkim.hello.backend", "{7CB9DD1B-292A-A04C-AD15-1560CE2BAFB3}"
EndProject
Project("{FAE04EC0-301F-11D3-BF4B-00C04F79EFBC}") = "michaelkim.hello.backend.apphost", "michaelkim.hello.backend\michaelkim.hello.backend.apphost\michaelkim.hello.backend.apphost.csproj", "{04ABC6ED-2191-B273-4CA9-CFF1C3B1AB49}"
EndProject
Project("{FAE04EC0-301F-11D3-BF4B-00C04F79EFBC}") = "michaelkim.hello.backend.webapi", "michaelkim.hello.backend\michaelkim.hello.backend.webapi\michaelkim.hello.backend.webapi.csproj", "{8DA0690F-24D7-8754-53B6-70D3A58E60B3}"
EndProject
Project("{FAE04EC0-301F-11D3-BF4B-00C04F79EFBC}") = "michaelkim.hello.backend.servicedefaults", "michaelkim.hello.backend\michaelkim.hello.backend.servicedefaults\michaelkim.hello.backend.servicedefaults.csproj", "{446CD250-46AE-4F2B-AFF6-4790E4D61D69}"
EndProject
Global
	GlobalSection(SolutionConfigurationPlatforms) = preSolution
		Debug|Any CPU = Debug|Any CPU
		Release|Any CPU = Release|Any CPU
	EndGlobalSection
	GlobalSection(ProjectConfigurationPlatforms) = postSolution
		{04ABC6ED-2191-B273-4CA9-CFF1C3B1AB49}.Debug|Any CPU.ActiveCfg = Debug|Any CPU
		{04ABC6ED-2191-B273-4CA9-CFF1C3B1AB49}.Debug|Any CPU.Build.0 = Debug|Any CPU
		{04ABC6ED-2191-B273-4CA9-CFF1C3B1AB49}.Release|Any CPU.ActiveCfg = Release|Any CPU
		{04ABC6ED-2191-B273-4CA9-CFF1C3B1AB49}.Release|Any CPU.Build.0 = Release|Any CPU
		{8DA0690F-24D7-8754-53B6-70D3A58E60B3}.Debug|Any CPU.ActiveCfg = Debug|Any CPU
		{8DA0690F-24D7-8754-53B6-70D3A58E60B3}.Debug|Any CPU.Build.0 = Debug|Any CPU
		{8DA0690F-24D7-8754-53B6-70D3A58E60B3}.Release|Any CPU.ActiveCfg = Release|Any CPU
		{8DA0690F-24D7-8754-53B6-70D3A58E60B3}.Release|Any CPU.Build.0 = Release|Any CPU
		{446CD250-46AE-4F2B-AFF6-4790E4D61D69}.Debug|Any CPU.ActiveCfg = Debug|Any CPU
		{446CD250-46AE-4F2B-AFF6-4790E4D61D69}.Debug|Any CPU.Build.0 = Debug|Any CPU
		{446CD250-46AE-4F2B-AFF6-4790E4D61D69}.Release|Any CPU.ActiveCfg = Release|Any CPU
		{446CD250-46AE-4F2B-AFF6-4790E4D61D69}.Release|Any CPU.Build.0 = Release|Any CPU
	EndGlobalSection
	GlobalSection(SolutionProperties) = preSolution
		HideSolutionNode = FALSE
	EndGlobalSection
	GlobalSection(NestedProjects) = preSolution
		{04ABC6ED-2191-B273-4CA9-CFF1C3B1AB49} = {7CB9DD1B-292A-A04C-AD15-1560CE2BAFB3}
		{8DA0690F-24D7-8754-53B6-70D3A58E60B3} = {7CB9DD1B-292A-A04C-AD15-1560CE2BAFB3}
		{446CD250-46AE-4F2B-AFF6-4790E4D61D69} = {7CB9DD1B-292A-A04C-AD15-1560CE2BAFB3}
	EndGlobalSection
	GlobalSection(ExtensibilityGlobals) = postSolution
		SolutionGuid = {74E40566-C046-45DF-8647-1C391D5EC70A}
	EndGlobalSection
EndGlobal
